// !$*UTF8*$!
{
	archiveVersion = 1;
	classes = {
	};
	objectVersion = 56;
	objects = {

/* Begin PBXBuildFile section */
		586E5EA929D64E8F00CA172F /* AppDelegate.swift in Sources */ = {isa = PBXBuildFile; fileRef = 586E5EA829D64E8F00CA172F /* AppDelegate.swift */; };
		586E5EAB29D64E8F00CA172F /* SceneDelegate.swift in Sources */ = {isa = PBXBuildFile; fileRef = 586E5EAA29D64E8F00CA172F /* SceneDelegate.swift */; };
		586E5EAD29D64E8F00CA172F /* ViewController.swift in Sources */ = {isa = PBXBuildFile; fileRef = 586E5EAC29D64E8F00CA172F /* ViewController.swift */; };
		586E5EB029D64E8F00CA172F /* Main.storyboard in Resources */ = {isa = PBXBuildFile; fileRef = 586E5EAE29D64E8F00CA172F /* Main.storyboard */; };
		586E5EB229D64E9000CA172F /* Assets.xcassets in Resources */ = {isa = PBXBuildFile; fileRef = 586E5EB129D64E9000CA172F /* Assets.xcassets */; };
		586E5EB529D64E9000CA172F /* LaunchScreen.storyboard in Resources */ = {isa = PBXBuildFile; fileRef = 586E5EB329D64E9000CA172F /* LaunchScreen.storyboard */; };
		586E5EC029D64E9000CA172F /* ScoreboardTests.swift in Sources */ = {isa = PBXBuildFile; fileRef = 586E5EBF29D64E9000CA172F /* ScoreboardTests.swift */; };
		586E5ECA29D64E9000CA172F /* ScoreboardUITests.swift in Sources */ = {isa = PBXBuildFile; fileRef = 586E5EC929D64E9000CA172F /* ScoreboardUITests.swift */; };
		586E5ECC29D64E9000CA172F /* ScoreboardUITestsLaunchTests.swift in Sources */ = {isa = PBXBuildFile; fileRef = 586E5ECB29D64E9000CA172F /* ScoreboardUITestsLaunchTests.swift */; };
/* End PBXBuildFile section */

/* Begin PBXContainerItemProxy section */
		586E5EBC29D64E9000CA172F /* PBXContainerItemProxy */ = {
			isa = PBXContainerItemProxy;
			containerPortal = 586E5E9D29D64E8F00CA172F /* Project object */;
			proxyType = 1;
			remoteGlobalIDString = 586E5EA429D64E8F00CA172F;
			remoteInfo = Scoreboard;
		};
		586E5EC629D64E9000CA172F /* PBXContainerItemProxy */ = {
			isa = PBXContainerItemProxy;
			containerPortal = 586E5E9D29D64E8F00CA172F /* Project object */;
			proxyType = 1;
			remoteGlobalIDString = 586E5EA429D64E8F00CA172F;
			remoteInfo = Scoreboard;
		};
/* End PBXContainerItemProxy section */

/* Begin PBXFileReference section */
		586E5EA529D64E8F00CA172F /* Scoreboard.app */ = {isa = PBXFileReference; explicitFileType = wrapper.application; includeInIndex = 0; path = Scoreboard.app; sourceTree = BUILT_PRODUCTS_DIR; };
		586E5EA829D64E8F00CA172F /* AppDelegate.swift */ = {isa = PBXFileReference; lastKnownFileType = sourcecode.swift; path = AppDelegate.swift; sourceTree = "<group>"; };
		586E5EAA29D64E8F00CA172F /* SceneDelegate.swift */ = {isa = PBXFileReference; lastKnownFileType = sourcecode.swift; path = SceneDelegate.swift; sourceTree = "<group>"; };
		586E5EAC29D64E8F00CA172F /* ViewController.swift */ = {isa = PBXFileReference; lastKnownFileType = sourcecode.swift; path = ViewController.swift; sourceTree = "<group>"; };
		586E5EAF29D64E8F00CA172F /* Base */ = {isa = PBXFileReference; lastKnownFileType = file.storyboard; name = Base; path = Base.lproj/Main.storyboard; sourceTree = "<group>"; };
		586E5EB129D64E9000CA172F /* Assets.xcassets */ = {isa = PBXFileReference; lastKnownFileType = folder.assetcatalog; path = Assets.xcassets; sourceTree = "<group>"; };
		586E5EB429D64E9000CA172F /* Base */ = {isa = PBXFileReference; lastKnownFileType = file.storyboard; name = Base; path = Base.lproj/LaunchScreen.storyboard; sourceTree = "<group>"; };
		586E5EB629D64E9000CA172F /* Info.plist */ = {isa = PBXFileReference; lastKnownFileType = text.plist.xml; path = Info.plist; sourceTree = "<group>"; };
		586E5EBB29D64E9000CA172F /* ScoreboardTests.xctest */ = {isa = PBXFileReference; explicitFileType = wrapper.cfbundle; includeInIndex = 0; path = ScoreboardTests.xctest; sourceTree = BUILT_PRODUCTS_DIR; };
		586E5EBF29D64E9000CA172F /* ScoreboardTests.swift */ = {isa = PBXFileReference; lastKnownFileType = sourcecode.swift; path = ScoreboardTests.swift; sourceTree = "<group>"; };
		586E5EC529D64E9000CA172F /* ScoreboardUITests.xctest */ = {isa = PBXFileReference; explicitFileType = wrapper.cfbundle; includeInIndex = 0; path = ScoreboardUITests.xctest; sourceTree = BUILT_PRODUCTS_DIR; };
		586E5EC929D64E9000CA172F /* ScoreboardUITests.swift */ = {isa = PBXFileReference; lastKnownFileType = sourcecode.swift; path = ScoreboardUITests.swift; sourceTree = "<group>"; };
		586E5ECB29D64E9000CA172F /* ScoreboardUITestsLaunchTests.swift */ = {isa = PBXFileReference; lastKnownFileType = sourcecode.swift; path = ScoreboardUITestsLaunchTests.swift; sourceTree = "<group>"; };
/* End PBXFileReference section */

/* Begin PBXFrameworksBuildPhase section */
		586E5EA229D64E8F00CA172F /* Frameworks */ = {
			isa = PBXFrameworksBuildPhase;
			buildActionMask = 2147483647;
			files = (
			);
			runOnlyForDeploymentPostprocessing = 0;
		};
		586E5EB829D64E9000CA172F /* Frameworks */ = {
			isa = PBXFrameworksBuildPhase;
			buildActionMask = 2147483647;
			files = (
			);
			runOnlyForDeploymentPostprocessing = 0;
		};
		586E5EC229D64E9000CA172F /* Frameworks */ = {
			isa = PBXFrameworksBuildPhase;
			buildActionMask = 2147483647;
			files = (
			);
			runOnlyForDeploymentPostprocessing = 0;
		};
/* End PBXFrameworksBuildPhase section */

/* Begin PBXGroup section */
		586E5E9C29D64E8F00CA172F = {
			isa = PBXGroup;
			children = (
				586E5EA729D64E8F00CA172F /* Scoreboard */,
				586E5EBE29D64E9000CA172F /* ScoreboardTests */,
				586E5EC829D64E9000CA172F /* ScoreboardUITests */,
				586E5EA629D64E8F00CA172F /* Products */,
			);
			sourceTree = "<group>";
		};
		586E5EA629D64E8F00CA172F /* Products */ = {
			isa = PBXGroup;
			children = (
				586E5EA529D64E8F00CA172F /* Scoreboard.app */,
				586E5EBB29D64E9000CA172F /* ScoreboardTests.xctest */,
				586E5EC529D64E9000CA172F /* ScoreboardUITests.xctest */,
			);
			name = Products;
			sourceTree = "<group>";
		};
		586E5EA729D64E8F00CA172F /* Scoreboard */ = {
			isa = PBXGroup;
			children = (
				586E5EA829D64E8F00CA172F /* AppDelegate.swift */,
				586E5EAA29D64E8F00CA172F /* SceneDelegate.swift */,
				586E5EAC29D64E8F00CA172F /* ViewController.swift */,
				586E5EAE29D64E8F00CA172F /* Main.storyboard */,
				586E5EB129D64E9000CA172F /* Assets.xcassets */,
				586E5EB329D64E9000CA172F /* LaunchScreen.storyboard */,
				586E5EB629D64E9000CA172F /* Info.plist */,
			);
			path = Scoreboard;
			sourceTree = "<group>";
		};
		586E5EBE29D64E9000CA172F /* ScoreboardTests */ = {
			isa = PBXGroup;
			children = (
				586E5EBF29D64E9000CA172F /* ScoreboardTests.swift */,
			);
			path = ScoreboardTests;
			sourceTree = "<group>";
		};
		586E5EC829D64E9000CA172F /* ScoreboardUITests */ = {
			isa = PBXGroup;
			children = (
				586E5EC929D64E9000CA172F /* ScoreboardUITests.swift */,
				586E5ECB29D64E9000CA172F /* ScoreboardUITestsLaunchTests.swift */,
			);
			path = ScoreboardUITests;
			sourceTree = "<group>";
		};
/* End PBXGroup section */

/* Begin PBXNativeTarget section */
		586E5EA429D64E8F00CA172F /* Scoreboard */ = {
			isa = PBXNativeTarget;
			buildConfigurationList = 586E5ECF29D64E9000CA172F /* Build configuration list for PBXNativeTarget "Scoreboard" */;
			buildPhases = (
				586E5EA129D64E8F00CA172F /* Sources */,
				586E5EA229D64E8F00CA172F /* Frameworks */,
				586E5EA329D64E8F00CA172F /* Resources */,
			);
			buildRules = (
			);
			dependencies = (
			);
			name = Scoreboard;
			productName = Scoreboard;
			productReference = 586E5EA529D64E8F00CA172F /* Scoreboard.app */;
			productType = "com.apple.product-type.application";
		};
		586E5EBA29D64E9000CA172F /* ScoreboardTests */ = {
			isa = PBXNativeTarget;
			buildConfigurationList = 586E5ED229D64E9000CA172F /* Build configuration list for PBXNativeTarget "ScoreboardTests" */;
			buildPhases = (
				586E5EB729D64E9000CA172F /* Sources */,
				586E5EB829D64E9000CA172F /* Frameworks */,
				586E5EB929D64E9000CA172F /* Resources */,
			);
			buildRules = (
			);
			dependencies = (
				586E5EBD29D64E9000CA172F /* PBXTargetDependency */,
			);
			name = ScoreboardTests;
			productName = ScoreboardTests;
			productReference = 586E5EBB29D64E9000CA172F /* ScoreboardTests.xctest */;
			productType = "com.apple.product-type.bundle.unit-test";
		};
		586E5EC429D64E9000CA172F /* ScoreboardUITests */ = {
			isa = PBXNativeTarget;
			buildConfigurationList = 586E5ED529D64E9000CA172F /* Build configuration list for PBXNativeTarget "ScoreboardUITests" */;
			buildPhases = (
				586E5EC129D64E9000CA172F /* Sources */,
				586E5EC229D64E9000CA172F /* Frameworks */,
				586E5EC329D64E9000CA172F /* Resources */,
			);
			buildRules = (
			);
			dependencies = (
				586E5EC729D64E9000CA172F /* PBXTargetDependency */,
			);
			name = ScoreboardUITests;
			productName = ScoreboardUITests;
			productReference = 586E5EC529D64E9000CA172F /* ScoreboardUITests.xctest */;
			productType = "com.apple.product-type.bundle.ui-testing";
		};
/* End PBXNativeTarget section */

/* Begin PBXProject section */
		586E5E9D29D64E8F00CA172F /* Project object */ = {
			isa = PBXProject;
			attributes = {
				BuildIndependentTargetsInParallel = 1;
				LastSwiftUpdateCheck = 1420;
				LastUpgradeCheck = 1420;
				TargetAttributes = {
					586E5EA429D64E8F00CA172F = {
						CreatedOnToolsVersion = 14.2;
					};
					586E5EBA29D64E9000CA172F = {
						CreatedOnToolsVersion = 14.2;
						TestTargetID = 586E5EA429D64E8F00CA172F;
					};
					586E5EC429D64E9000CA172F = {
						CreatedOnToolsVersion = 14.2;
						TestTargetID = 586E5EA429D64E8F00CA172F;
					};
				};
			};
			buildConfigurationList = 586E5EA029D64E8F00CA172F /* Build configuration list for PBXProject "Scoreboard" */;
			compatibilityVersion = "Xcode 14.0";
			developmentRegion = en;
			hasScannedForEncodings = 0;
			knownRegions = (
				en,
				Base,
			);
			mainGroup = 586E5E9C29D64E8F00CA172F;
			productRefGroup = 586E5EA629D64E8F00CA172F /* Products */;
			projectDirPath = "";
			projectRoot = "";
			targets = (
				586E5EA429D64E8F00CA172F /* Scoreboard */,
				586E5EBA29D64E9000CA172F /* ScoreboardTests */,
				586E5EC429D64E9000CA172F /* ScoreboardUITests */,
			);
		};
/* End PBXProject section */

/* Begin PBXResourcesBuildPhase section */
		586E5EA329D64E8F00CA172F /* Resources */ = {
			isa = PBXResourcesBuildPhase;
			buildActionMask = 2147483647;
			files = (
				586E5EB529D64E9000CA172F /* LaunchScreen.storyboard in Resources */,
				586E5EB229D64E9000CA172F /* Assets.xcassets in Resources */,
				586E5EB029D64E8F00CA172F /* Main.storyboard in Resources */,
			);
			runOnlyForDeploymentPostprocessing = 0;
		};
		586E5EB929D64E9000CA172F /* Resources */ = {
			isa = PBXResourcesBuildPhase;
			buildActionMask = 2147483647;
			files = (
			);
			runOnlyForDeploymentPostprocessing = 0;
		};
		586E5EC329D64E9000CA172F /* Resources */ = {
			isa = PBXResourcesBuildPhase;
			buildActionMask = 2147483647;
			files = (
			);
			runOnlyForDeploymentPostprocessing = 0;
		};
/* End PBXResourcesBuildPhase section */

/* Begin PBXSourcesBuildPhase section */
		586E5EA129D64E8F00CA172F /* Sources */ = {
			isa = PBXSourcesBuildPhase;
			buildActionMask = 2147483647;
			files = (
				586E5EAD29D64E8F00CA172F /* ViewController.swift in Sources */,
				586E5EA929D64E8F00CA172F /* AppDelegate.swift in Sources */,
				586E5EAB29D64E8F00CA172F /* SceneDelegate.swift in Sources */,
			);
			runOnlyForDeploymentPostprocessing = 0;
		};
		586E5EB729D64E9000CA172F /* Sources */ = {
			isa = PBXSourcesBuildPhase;
			buildActionMask = 2147483647;
			files = (
				586E5EC029D64E9000CA172F /* ScoreboardTests.swift in Sources */,
			);
			runOnlyForDeploymentPostprocessing = 0;
		};
		586E5EC129D64E9000CA172F /* Sources */ = {
			isa = PBXSourcesBuildPhase;
			buildActionMask = 2147483647;
			files = (
				586E5ECC29D64E9000CA172F /* ScoreboardUITestsLaunchTests.swift in Sources */,
				586E5ECA29D64E9000CA172F /* ScoreboardUITests.swift in Sources */,
			);
			runOnlyForDeploymentPostprocessing = 0;
		};
/* End PBXSourcesBuildPhase section */

/* Begin PBXTargetDependency section */
		586E5EBD29D64E9000CA172F /* PBXTargetDependency */ = {
			isa = PBXTargetDependency;
			target = 586E5EA429D64E8F00CA172F /* Scoreboard */;
			targetProxy = 586E5EBC29D64E9000CA172F /* PBXContainerItemProxy */;
		};
		586E5EC729D64E9000CA172F /* PBXTargetDependency */ = {
			isa = PBXTargetDependency;
			target = 586E5EA429D64E8F00CA172F /* Scoreboard */;
			targetProxy = 586E5EC629D64E9000CA172F /* PBXContainerItemProxy */;
		};
/* End PBXTargetDependency section */

/* Begin PBXVariantGroup section */
		586E5EAE29D64E8F00CA172F /* Main.storyboard */ = {
			isa = PBXVariantGroup;
			children = (
				586E5EAF29D64E8F00CA172F /* Base */,
			);
			name = Main.storyboard;
			sourceTree = "<group>";
		};
		586E5EB329D64E9000CA172F /* LaunchScreen.storyboard */ = {
			isa = PBXVariantGroup;
			children = (
				586E5EB429D64E9000CA172F /* Base */,
			);
			name = LaunchScreen.storyboard;
			sourceTree = "<group>";
		};
/* End PBXVariantGroup section */

/* Begin XCBuildConfiguration section */
		586E5ECD29D64E9000CA172F /* Debug */ = {
			isa = XCBuildConfiguration;
			buildSettings = {
				ALWAYS_SEARCH_USER_PATHS = NO;
				CLANG_ANALYZER_NONNULL = YES;
				CLANG_ANALYZER_NUMBER_OBJECT_CONVERSION = YES_AGGRESSIVE;
				CLANG_CXX_LANGUAGE_STANDARD = "gnu++20";
				CLANG_ENABLE_MODULES = YES;
				CLANG_ENABLE_OBJC_ARC = YES;
				CLANG_ENABLE_OBJC_WEAK = YES;
				CLANG_WARN_BLOCK_CAPTURE_AUTORELEASING = YES;
				CLANG_WARN_BOOL_CONVERSION = YES;
				CLANG_WARN_COMMA = YES;
				CLANG_WARN_CONSTANT_CONVERSION = YES;
				CLANG_WARN_DEPRECATED_OBJC_IMPLEMENTATIONS = YES;
				CLANG_WARN_DIRECT_OBJC_ISA_USAGE = YES_ERROR;
				CLANG_WARN_DOCUMENTATION_COMMENTS = YES;
				CLANG_WARN_EMPTY_BODY = YES;
				CLANG_WARN_ENUM_CONVERSION = YES;
				CLANG_WARN_INFINITE_RECURSION = YES;
				CLANG_WARN_INT_CONVERSION = YES;
				CLANG_WARN_NON_LITERAL_NULL_CONVERSION = YES;
				CLANG_WARN_OBJC_IMPLICIT_RETAIN_SELF = YES;
				CLANG_WARN_OBJC_LITERAL_CONVERSION = YES;
				CLANG_WARN_OBJC_ROOT_CLASS = YES_ERROR;
				CLANG_WARN_QUOTED_INCLUDE_IN_FRAMEWORK_HEADER = YES;
				CLANG_WARN_RANGE_LOOP_ANALYSIS = YES;
				CLANG_WARN_STRICT_PROTOTYPES = YES;
				CLANG_WARN_SUSPICIOUS_MOVE = YES;
				CLANG_WARN_UNGUARDED_AVAILABILITY = YES_AGGRESSIVE;
				CLANG_WARN_UNREACHABLE_CODE = YES;
				CLANG_WARN__DUPLICATE_METHOD_MATCH = YES;
				COPY_PHASE_STRIP = NO;
				DEBUG_INFORMATION_FORMAT = dwarf;
				ENABLE_STRICT_OBJC_MSGSEND = YES;
				ENABLE_TESTABILITY = YES;
				GCC_C_LANGUAGE_STANDARD = gnu11;
				GCC_DYNAMIC_NO_PIC = NO;
				GCC_NO_COMMON_BLOCKS = YES;
				GCC_OPTIMIZATION_LEVEL = 0;
				GCC_PREPROCESSOR_DEFINITIONS = (
					"DEBUG=1",
					"$(inherited)",
				);
				GCC_WARN_64_TO_32_BIT_CONVERSION = YES;
				GCC_WARN_ABOUT_RETURN_TYPE = YES_ERROR;
				GCC_WARN_UNDECLARED_SELECTOR = YES;
				GCC_WARN_UNINITIALIZED_AUTOS = YES_AGGRESSIVE;
				GCC_WARN_UNUSED_FUNCTION = YES;
				GCC_WARN_UNUSED_VARIABLE = YES;
				IPHONEOS_DEPLOYMENT_TARGET = 16.2;
				MTL_ENABLE_DEBUG_INFO = INCLUDE_SOURCE;
				MTL_FAST_MATH = YES;
				ONLY_ACTIVE_ARCH = YES;
				SDKROOT = iphoneos;
				SWIFT_ACTIVE_COMPILATION_CONDITIONS = DEBUG;
				SWIFT_OPTIMIZATION_LEVEL = "-Onone";
			};
			name = Debug;
		};
		586E5ECE29D64E9000CA172F /* Release */ = {
			isa = XCBuildConfiguration;
			buildSettings = {
				ALWAYS_SEARCH_USER_PATHS = NO;
				CLANG_ANALYZER_NONNULL = YES;
				CLANG_ANALYZER_NUMBER_OBJECT_CONVERSION = YES_AGGRESSIVE;
				CLANG_CXX_LANGUAGE_STANDARD = "gnu++20";
				CLANG_ENABLE_MODULES = YES;
				CLANG_ENABLE_OBJC_ARC = YES;
				CLANG_ENABLE_OBJC_WEAK = YES;
				CLANG_WARN_BLOCK_CAPTURE_AUTORELEASING = YES;
				CLANG_WARN_BOOL_CONVERSION = YES;
				CLANG_WARN_COMMA = YES;
				CLANG_WARN_CONSTANT_CONVERSION = YES;
				CLANG_WARN_DEPRECATED_OBJC_IMPLEMENTATIONS = YES;
				CLANG_WARN_DIRECT_OBJC_ISA_USAGE = YES_ERROR;
				CLANG_WARN_DOCUMENTATION_COMMENTS = YES;
				CLANG_WARN_EMPTY_BODY = YES;
				CLANG_WARN_ENUM_CONVERSION = YES;
				CLANG_WARN_INFINITE_RECURSION = YES;
				CLANG_WARN_INT_CONVERSION = YES;
				CLANG_WARN_NON_LITERAL_NULL_CONVERSION = YES;
				CLANG_WARN_OBJC_IMPLICIT_RETAIN_SELF = YES;
				CLANG_WARN_OBJC_LITERAL_CONVERSION = YES;
				CLANG_WARN_OBJC_ROOT_CLASS = YES_ERROR;
				CLANG_WARN_QUOTED_INCLUDE_IN_FRAMEWORK_HEADER = YES;
				CLANG_WARN_RANGE_LOOP_ANALYSIS = YES;
				CLANG_WARN_STRICT_PROTOTYPES = YES;
				CLANG_WARN_SUSPICIOUS_MOVE = YES;
				CLANG_WARN_UNGUARDED_AVAILABILITY = YES_AGGRESSIVE;
				CLANG_WARN_UNREACHABLE_CODE = YES;
				CLANG_WARN__DUPLICATE_METHOD_MATCH = YES;
				COPY_PHASE_STRIP = NO;
				DEBUG_INFORMATION_FORMAT = "dwarf-with-dsym";
				ENABLE_NS_ASSERTIONS = NO;
				ENABLE_STRICT_OBJC_MSGSEND = YES;
				GCC_C_LANGUAGE_STANDARD = gnu11;
				GCC_NO_COMMON_BLOCKS = YES;
				GCC_WARN_64_TO_32_BIT_CONVERSION = YES;
				GCC_WARN_ABOUT_RETURN_TYPE = YES_ERROR;
				GCC_WARN_UNDECLARED_SELECTOR = YES;
				GCC_WARN_UNINITIALIZED_AUTOS = YES_AGGRESSIVE;
				GCC_WARN_UNUSED_FUNCTION = YES;
				GCC_WARN_UNUSED_VARIABLE = YES;
				IPHONEOS_DEPLOYMENT_TARGET = 16.2;
				MTL_ENABLE_DEBUG_INFO = NO;
				MTL_FAST_MATH = YES;
				SDKROOT = iphoneos;
				SWIFT_COMPILATION_MODE = wholemodule;
				SWIFT_OPTIMIZATION_LEVEL = "-O";
				VALIDATE_PRODUCT = YES;
			};
			name = Release;
		};
		586E5ED029D64E9000CA172F /* Debug */ = {
			isa = XCBuildConfiguration;
			buildSettings = {
				ASSETCATALOG_COMPILER_APPICON_NAME = AppIcon;
				ASSETCATALOG_COMPILER_GLOBAL_ACCENT_COLOR_NAME = AccentColor;
				CODE_SIGN_STYLE = Automatic;
				CURRENT_PROJECT_VERSION = 1;
				DEVELOPMENT_TEAM = 4KRQ69XV8J;
				GENERATE_INFOPLIST_FILE = YES;
				INFOPLIST_FILE = Scoreboard/Info.plist;
				INFOPLIST_KEY_UIApplicationSupportsIndirectInputEvents = YES;
				INFOPLIST_KEY_UILaunchStoryboardName = LaunchScreen;
				INFOPLIST_KEY_UIMainStoryboardFile = Main;
				INFOPLIST_KEY_UISupportedInterfaceOrientations_iPad = "UIInterfaceOrientationPortrait UIInterfaceOrientationPortraitUpsideDown UIInterfaceOrientationLandscapeLeft UIInterfaceOrientationLandscapeRight";
				INFOPLIST_KEY_UISupportedInterfaceOrientations_iPhone = "UIInterfaceOrientationPortrait UIInterfaceOrientationLandscapeLeft UIInterfaceOrientationLandscapeRight";
				LD_RUNPATH_SEARCH_PATHS = (
					"$(inherited)",
					"@executable_path/Frameworks",
				);
				MARKETING_VERSION = 1.0;
				PRODUCT_BUNDLE_IDENTIFIER = com.gmail.prestonhigg17.Scoreboard;
				PRODUCT_NAME = "$(TARGET_NAME)";
				SWIFT_EMIT_LOC_STRINGS = YES;
				SWIFT_VERSION = 5.0;
				TARGETED_DEVICE_FAMILY = "1,2";
			};
			name = Debug;
		};
		586E5ED129D64E9000CA172F /* Release */ = {
			isa = XCBuildConfiguration;
			buildSettings = {
				ASSETCATALOG_COMPILER_APPICON_NAME = AppIcon;
				ASSETCATALOG_COMPILER_GLOBAL_ACCENT_COLOR_NAME = AccentColor;
				CODE_SIGN_STYLE = Automatic;
				CURRENT_PROJECT_VERSION = 1;
				DEVELOPMENT_TEAM = 4KRQ69XV8J;
				GENERATE_INFOPLIST_FILE = YES;
				INFOPLIST_FILE = Scoreboard/Info.plist;
				INFOPLIST_KEY_UIApplicationSupportsIndirectInputEvents = YES;
				INFOPLIST_KEY_UILaunchStoryboardName = LaunchScreen;
				INFOPLIST_KEY_UIMainStoryboardFile = Main;
				INFOPLIST_KEY_UISupportedInterfaceOrientations_iPad = "UIInterfaceOrientationPortrait UIInterfaceOrientationPortraitUpsideDown UIInterfaceOrientationLandscapeLeft UIInterfaceOrientationLandscapeRight";
				INFOPLIST_KEY_UISupportedInterfaceOrientations_iPhone = "UIInterfaceOrientationPortrait UIInterfaceOrientationLandscapeLeft UIInterfaceOrientationLandscapeRight";
				LD_RUNPATH_SEARCH_PATHS = (
					"$(inherited)",
					"@executable_path/Frameworks",
				);
				MARKETING_VERSION = 1.0;
				PRODUCT_BUNDLE_IDENTIFIER = com.gmail.prestonhigg17.Scoreboard;
				PRODUCT_NAME = "$(TARGET_NAME)";
				SWIFT_EMIT_LOC_STRINGS = YES;
				SWIFT_VERSION = 5.0;
				TARGETED_DEVICE_FAMILY = "1,2";
			};
			name = Release;
		};
		586E5ED329D64E9000CA172F /* Debug */ = {
			isa = XCBuildConfiguration;
			buildSettings = {
				ALWAYS_EMBED_SWIFT_STANDARD_LIBRARIES = YES;
				BUNDLE_LOADER = "$(TEST_HOST)";
				CODE_SIGN_STYLE = Automatic;
				CURRENT_PROJECT_VERSION = 1;
				DEVELOPMENT_TEAM = 4KRQ69XV8J;
				GENERATE_INFOPLIST_FILE = YES;
				IPHONEOS_DEPLOYMENT_TARGET = 16.2;
				MARKETING_VERSION = 1.0;
				PRODUCT_BUNDLE_IDENTIFIER = com.gmail.prestonhigg17.ScoreboardTests;
				PRODUCT_NAME = "$(TARGET_NAME)";
				SWIFT_EMIT_LOC_STRINGS = NO;
				SWIFT_VERSION = 5.0;
				TARGETED_DEVICE_FAMILY = "1,2";
				TEST_HOST = "$(BUILT_PRODUCTS_DIR)/Scoreboard.app/$(BUNDLE_EXECUTABLE_FOLDER_PATH)/Scoreboard";
			};
			name = Debug;
		};
		586E5ED429D64E9000CA172F /* Release */ = {
			isa = XCBuildConfiguration;
			buildSettings = {
				ALWAYS_EMBED_SWIFT_STANDARD_LIBRARIES = YES;
				BUNDLE_LOADER = "$(TEST_HOST)";
				CODE_SIGN_STYLE = Automatic;
				CURRENT_PROJECT_VERSION = 1;
				DEVELOPMENT_TEAM = 4KRQ69XV8J;
				GENERATE_INFOPLIST_FILE = YES;
				IPHONEOS_DEPLOYMENT_TARGET = 16.2;
				MARKETING_VERSION = 1.0;
				PRODUCT_BUNDLE_IDENTIFIER = com.gmail.prestonhigg17.ScoreboardTests;
				PRODUCT_NAME = "$(TARGET_NAME)";
				SWIFT_EMIT_LOC_STRINGS = NO;
				SWIFT_VERSION = 5.0;
				TARGETED_DEVICE_FAMILY = "1,2";
				TEST_HOST = "$(BUILT_PRODUCTS_DIR)/Scoreboard.app/$(BUNDLE_EXECUTABLE_FOLDER_PATH)/Scoreboard";
			};
			name = Release;
		};
		586E5ED629D64E9000CA172F /* Debug */ = {
			isa = XCBuildConfiguration;
			buildSettings = {
				ALWAYS_EMBED_SWIFT_STANDARD_LIBRARIES = YES;
				CODE_SIGN_STYLE = Automatic;
				CURRENT_PROJECT_VERSION = 1;
				DEVELOPMENT_TEAM = 4KRQ69XV8J;
				GENERATE_INFOPLIST_FILE = YES;
				MARKETING_VERSION = 1.0;
				PRODUCT_BUNDLE_IDENTIFIER = com.gmail.prestonhigg17.ScoreboardUITests;
				PRODUCT_NAME = "$(TARGET_NAME)";
				SWIFT_EMIT_LOC_STRINGS = NO;
				SWIFT_VERSION = 5.0;
				TARGETED_DEVICE_FAMILY = "1,2";
				TEST_TARGET_NAME = Scoreboard;
			};
			name = Debug;
		};
		586E5ED729D64E9000CA172F /* Release */ = {
			isa = XCBuildConfiguration;
			buildSettings = {
				ALWAYS_EMBED_SWIFT_STANDARD_LIBRARIES = YES;
				CODE_SIGN_STYLE = Automatic;
				CURRENT_PROJECT_VERSION = 1;
				DEVELOPMENT_TEAM = 4KRQ69XV8J;
				GENERATE_INFOPLIST_FILE = YES;
				MARKETING_VERSION = 1.0;
				PRODUCT_BUNDLE_IDENTIFIER = com.gmail.prestonhigg17.ScoreboardUITests;
				PRODUCT_NAME = "$(TARGET_NAME)";
				SWIFT_EMIT_LOC_STRINGS = NO;
				SWIFT_VERSION = 5.0;
				TARGETED_DEVICE_FAMILY = "1,2";
				TEST_TARGET_NAME = Scoreboard;
			};
			name = Release;
		};
/* End XCBuildConfiguration section */

/* Begin XCConfigurationList section */
		586E5EA029D64E8F00CA172F /* Build configuration list for PBXProject "Scoreboard" */ = {
			isa = XCConfigurationList;
			buildConfigurations = (
				586E5ECD29D64E9000CA172F /* Debug */,
				586E5ECE29D64E9000CA172F /* Release */,
			);
			defaultConfigurationIsVisible = 0;
			defaultConfigurationName = Release;
		};
		586E5ECF29D64E9000CA172F /* Build configuration list for PBXNativeTarget "Scoreboard" */ = {
			isa = XCConfigurationList;
			buildConfigurations = (
				586E5ED029D64E9000CA172F /* Debug */,
				586E5ED129D64E9000CA172F /* Release */,
			);
			defaultConfigurationIsVisible = 0;
			defaultConfigurationName = Release;
		};
		586E5ED229D64E9000CA172F /* Build configuration list for PBXNativeTarget "ScoreboardTests" */ = {
			isa = XCConfigurationList;
			buildConfigurations = (
				586E5ED329D64E9000CA172F /* Debug */,
				586E5ED429D64E9000CA172F /* Release */,
			);
			defaultConfigurationIsVisible = 0;
			defaultConfigurationName = Release;
		};
		586E5ED529D64E9000CA172F /* Build configuration list for PBXNativeTarget "ScoreboardUITests" */ = {
			isa = XCConfigurationList;
			buildConfigurations = (
				586E5ED629D64E9000CA172F /* Debug */,
				586E5ED729D64E9000CA172F /* Release */,
			);
			defaultConfigurationIsVisible = 0;
			defaultConfigurationName = Release;
		};
/* End XCConfigurationList section */
	};
	rootObject = 586E5E9D29D64E8F00CA172F /* Project object */;
}
